
Microsoft Visual Studio Solution File, Format Version 11.00
# Visual Studio 2010
# SharpDevelop 5.1
Project("{FAE04EC0-301F-11D3-BF4B-00C04F79EFBC}") = "aula1", "aula1\aula1.csproj", "{4BE3AD79-8E41-4E27-A234-3A062AD03695}"
EndProject
Project("{2150E333-8FDC-42A3-9474-1A3956D46DE8}") = "aula6", "aula6", "{610EB148-934F-4AA3-AB1C-F3D9C400413B}"
EndProject
Project("{FAE04EC0-301F-11D3-BF4B-00C04F79EFBC}") = "aula6", "aula6\aula6.csproj", "{F2E25BAB-280A-47DF-A5D4-06DC66875273}"
EndProject
Project("{2150E333-8FDC-42A3-9474-1A3956D46DE8}") = "aula7", "aula7", "{7E462F8C-1D3C-43CD-902F-225068279776}"
EndProject
Project("{FAE04EC0-301F-11D3-BF4B-00C04F79EFBC}") = "aula7", "aula7\aula7.csproj", "{95A0AF82-7418-4F38-B7E3-3A350DDD5CC6}"
EndProject
Project("{2150E333-8FDC-42A3-9474-1A3956D46DE8}") = "aula8", "aula8", "{79863B84-A20C-4CF5-957A-DC3FA5BB39D2}"
EndProject
Project("{FAE04EC0-301F-11D3-BF4B-00C04F79EFBC}") = "aula8", "aula8\aula8.csproj", "{7753BE22-E00A-4BA2-A95C-6C0CDA6BCD09}"
EndProject
Project("{2150E333-8FDC-42A3-9474-1A3956D46DE8}") = "aula9", "aula9", "{A1A40C86-DFA5-4CA2-BB22-2A9BC875D9BF}"
EndProject
Project("{FAE04EC0-301F-11D3-BF4B-00C04F79EFBC}") = "aula9", "aula9\aula9.csproj", "{20D26599-BC92-4410-A11D-EE80A6CFD606}"
EndProject
Project("{2150E333-8FDC-42A3-9474-1A3956D46DE8}") = "aula10", "aula10", "{6355113F-5A59-41E2-BCFA-B802DFB3D77C}"
EndProject
Project("{FAE04EC0-301F-11D3-BF4B-00C04F79EFBC}") = "aula10", "aula10\aula10.csproj", "{EECE0B84-B816-4930-84AF-E72DE060AD6C}"
EndProject
Project("{2150E333-8FDC-42A3-9474-1A3956D46DE8}") = "aula11", "aula11", "{75BE33A2-D585-4F9A-8E21-047723BA8AAB}"
EndProject
Project("{FAE04EC0-301F-11D3-BF4B-00C04F79EFBC}") = "aula11", "aula11\aula11.csproj", "{BB1B8D1E-45C1-4D1A-BAF6-BDFF4FFB3B97}"
EndProject
Project("{2150E333-8FDC-42A3-9474-1A3956D46DE8}") = "aula12", "aula12", "{B44F2D64-92A0-49A8-9B80-5D809FAD8CF9}"
EndProject
Project("{FAE04EC0-301F-11D3-BF4B-00C04F79EFBC}") = "aula12", "aula12\aula12.csproj", "{E8FF9DD8-25B9-45B2-8E3D-0C36E259482B}"
EndProject
Project("{2150E333-8FDC-42A3-9474-1A3956D46DE8}") = "aula13", "aula13", "{0C91FAB2-FDD4-4EA9-ADCB-9AE8BE7DE4F9}"
EndProject
Project("{FAE04EC0-301F-11D3-BF4B-00C04F79EFBC}") = "aula13", "aula13\aula13.csproj", "{87B84F84-4735-46FB-8816-24712B3F8B54}"
EndProject
Project("{2150E333-8FDC-42A3-9474-1A3956D46DE8}") = "aula14", "aula14", "{08E895B0-F087-4A10-9EF5-83C6817245BD}"
EndProject
Project("{FAE04EC0-301F-11D3-BF4B-00C04F79EFBC}") = "aula14", "aula14\aula14.csproj", "{EED9A6F0-0CB9-4AB5-9C64-6ED75AED7946}"
EndProject
Project("{2150E333-8FDC-42A3-9474-1A3956D46DE8}") = "aula15", "aula15", "{A1F0427F-AC08-40DA-A9D8-ECCE971FED80}"
EndProject
Project("{FAE04EC0-301F-11D3-BF4B-00C04F79EFBC}") = "aula15", "aula15\aula15.csproj", "{3CF982BD-A519-4B5F-A750-19ED8663974F}"
EndProject
Project("{2150E333-8FDC-42A3-9474-1A3956D46DE8}") = "aula16", "aula16", "{029E4F34-DB6B-4CB9-8FEA-B42C6C9D3CD2}"
EndProject
Project("{FAE04EC0-301F-11D3-BF4B-00C04F79EFBC}") = "aula16", "aula16\aula16.csproj", "{E947F493-1AB8-4DD1-81DC-B51E08A78261}"
EndProject
Project("{2150E333-8FDC-42A3-9474-1A3956D46DE8}") = "aula17", "aula17", "{470C7C45-B128-4B0C-9576-5ED9A58E22DD}"
EndProject
Project("{FAE04EC0-301F-11D3-BF4B-00C04F79EFBC}") = "aula17", "aula17\aula17.csproj", "{33D4B318-AF52-44C1-9246-F8D9138FF224}"
EndProject
Project("{2150E333-8FDC-42A3-9474-1A3956D46DE8}") = "aula18", "aula18", "{5913E1E4-AECE-4F37-981D-64E3D0A3DD39}"
EndProject
Project("{FAE04EC0-301F-11D3-BF4B-00C04F79EFBC}") = "aula18", "aula18\aula18.csproj", "{DE9358F8-2E0D-4B6D-8902-090493525723}"
EndProject
Project("{2150E333-8FDC-42A3-9474-1A3956D46DE8}") = "aula19", "aula19", "{48FA119E-D4EB-43BE-BEDE-24E1BBD62620}"
EndProject
Project("{FAE04EC0-301F-11D3-BF4B-00C04F79EFBC}") = "aula19", "aula19\aula19.csproj", "{6678ABD9-E5D1-436E-9FB5-06FBE112FEC7}"
EndProject
Project("{2150E333-8FDC-42A3-9474-1A3956D46DE8}") = "aula20", "aula20", "{211354CC-DB7E-4327-9B8F-7EC4625752BA}"
EndProject
Project("{FAE04EC0-301F-11D3-BF4B-00C04F79EFBC}") = "aula20", "aula20\aula20.csproj", "{909C5385-3A5B-4630-9EA9-808D318ECD68}"
EndProject
Project("{2150E333-8FDC-42A3-9474-1A3956D46DE8}") = "aula21", "aula21", "{0BC78AB7-D23B-4559-8984-6AB113AD12BE}"
EndProject
Project("{FAE04EC0-301F-11D3-BF4B-00C04F79EFBC}") = "aula21", "aula21\aula21.csproj", "{9AFFF014-ABA8-48FD-8B16-96D4ABE1D5EA}"
EndProject
Project("{2150E333-8FDC-42A3-9474-1A3956D46DE8}") = "aula22", "aula22", "{4C29A0EA-9CEB-4C97-81B5-3A59F86570AB}"
EndProject
Project("{FAE04EC0-301F-11D3-BF4B-00C04F79EFBC}") = "aula22", "aula22\aula22.csproj", "{3141B5B2-02DC-42C5-A248-1C165505C5D5}"
EndProject
Project("{2150E333-8FDC-42A3-9474-1A3956D46DE8}") = "aula23", "aula23", "{E10E1A63-519F-425E-96E4-C67AB23B77C3}"
EndProject
Project("{FAE04EC0-301F-11D3-BF4B-00C04F79EFBC}") = "aula23", "aula23\aula23.csproj", "{7470B585-DB95-499C-8714-5239881A6A43}"
EndProject
Project("{2150E333-8FDC-42A3-9474-1A3956D46DE8}") = "aula24", "aula24", "{9FABE7B8-0C30-4699-A171-F90F5F0A67C7}"
EndProject
Project("{FAE04EC0-301F-11D3-BF4B-00C04F79EFBC}") = "aula24", "aula24\aula24.csproj", "{A789418D-1BB1-4E34-962C-88BC8D0E2D78}"
EndProject
Project("{2150E333-8FDC-42A3-9474-1A3956D46DE8}") = "aula25", "aula25", "{3E7B6575-D0A6-4366-BB7E-D19F0386F5B4}"
EndProject
Project("{FAE04EC0-301F-11D3-BF4B-00C04F79EFBC}") = "aula25", "aula25\aula25.csproj", "{2188282C-530F-4447-971A-CB801EBF4A7D}"
EndProject
Project("{2150E333-8FDC-42A3-9474-1A3956D46DE8}") = "aula26", "aula26", "{62A519DA-08A0-490E-812E-7E8CE6147385}"
EndProject
Project("{FAE04EC0-301F-11D3-BF4B-00C04F79EFBC}") = "aula26", "aula26\aula26.csproj", "{9BBD0E19-3079-4657-8CDB-C075FFFD94EB}"
EndProject
Project("{2150E333-8FDC-42A3-9474-1A3956D46DE8}") = "aula27", "aula27", "{A6D65301-3B07-4056-B361-3DD7B175D3C6}"
EndProject
Project("{FAE04EC0-301F-11D3-BF4B-00C04F79EFBC}") = "aula27", "aula27\aula27.csproj", "{5BE9FE12-C210-4442-B4C5-B088CC94602D}"
EndProject
Project("{2150E333-8FDC-42A3-9474-1A3956D46DE8}") = "aula28", "aula28", "{CE7E0CB3-E30C-4DB8-8E23-7615BF77AB44}"
EndProject
Project("{FAE04EC0-301F-11D3-BF4B-00C04F79EFBC}") = "aula28", "aula28\aula28.csproj", "{7D3C81A0-E50A-4EED-A336-E90EC9088474}"
EndProject
Project("{2150E333-8FDC-42A3-9474-1A3956D46DE8}") = "aula29", "aula29", "{A1E43473-A669-41C2-9A5E-5EB8B271D0B3}"
EndProject
Project("{FAE04EC0-301F-11D3-BF4B-00C04F79EFBC}") = "aula29", "aula29\aula29.csproj", "{FC974E31-A63F-4079-AC71-4BD9F6D8ABCA}"
EndProject
Project("{2150E333-8FDC-42A3-9474-1A3956D46DE8}") = "teste de aprendizado", "teste de aprendizado", "{C754158F-A77F-42D5-9F25-9A999FC22A4C}"
EndProject
Project("{FAE04EC0-301F-11D3-BF4B-00C04F79EFBC}") = "aula00", "aula00\aula00.csproj", "{53944854-9D48-4930-92CD-34137D078A02}"
EndProject
Project("{2150E333-8FDC-42A3-9474-1A3956D46DE8}") = "aula30", "aula30", "{22A91695-97ED-4728-9056-1C8BC47DCBD8}"
EndProject
Project("{FAE04EC0-301F-11D3-BF4B-00C04F79EFBC}") = "aula30", "aula30\aula30.csproj", "{BCE7FE81-83A7-4A05-B32A-BD3813A91691}"
EndProject
Project("{2150E333-8FDC-42A3-9474-1A3956D46DE8}") = "aula31", "aula31", "{C1C3A675-A452-4C50-8EB2-E470E7B639F8}"
EndProject
Project("{FAE04EC0-301F-11D3-BF4B-00C04F79EFBC}") = "aula31", "aula31\aula31.csproj", "{C5EE7D08-5BC2-4425-B283-9A26E7CDD431}"
EndProject
Project("{2150E333-8FDC-42A3-9474-1A3956D46DE8}") = "aula32", "aula32", "{05BAA82A-F5BC-44E0-8A46-E1240917298E}"
EndProject
Project("{FAE04EC0-301F-11D3-BF4B-00C04F79EFBC}") = "aula32", "aula32\aula32.csproj", "{2B8578FE-BB39-4CAA-9891-E0B5C027F10D}"
EndProject
Project("{2150E333-8FDC-42A3-9474-1A3956D46DE8}") = "aula33", "aula33", "{A84931E4-4632-4935-AE47-54665D3E5DC9}"
EndProject
Project("{FAE04EC0-301F-11D3-BF4B-00C04F79EFBC}") = "aula33", "aula33\aula33.csproj", "{299AD76E-805B-45FE-AF8B-2CCC45860910}"
EndProject
Project("{2150E333-8FDC-42A3-9474-1A3956D46DE8}") = "aula34", "aula34", "{E2DDBF2D-B7D6-4AA7-8102-BE8BB857383A}"
EndProject
Project("{FAE04EC0-301F-11D3-BF4B-00C04F79EFBC}") = "aula34", "aula34\aula34.csproj", "{A5EBB471-DA1F-4824-AF16-98074F1F990E}"
EndProject
Project("{2150E333-8FDC-42A3-9474-1A3956D46DE8}") = "aula35", "aula35", "{0984C456-D7FF-4A7E-AA24-4DB24CE62BDF}"
EndProject
Project("{FAE04EC0-301F-11D3-BF4B-00C04F79EFBC}") = "aula35", "aula35\aula35.csproj", "{FCE43AB3-9676-494D-883E-F969D7F5E0FF}"
EndProject
Project("{2150E333-8FDC-42A3-9474-1A3956D46DE8}") = "aula36", "aula36", "{A130EF47-EC4B-4FC7-B56E-F945A13C93A0}"
EndProject
Project("{FAE04EC0-301F-11D3-BF4B-00C04F79EFBC}") = "aula36", "aula36\aula36.csproj", "{47B50F59-7593-493F-B02F-17EC954D7CC5}"
EndProject
Project("{2150E333-8FDC-42A3-9474-1A3956D46DE8}") = "aula37", "aula37", "{ED66FEAC-44AB-4E5B-B7E9-8D99959EAED9}"
EndProject
Project("{FAE04EC0-301F-11D3-BF4B-00C04F79EFBC}") = "aula37", "aula37\aula37.csproj", "{3D3C45AC-32AF-4BB5-8604-A10410C807AD}"
EndProject
Project("{2150E333-8FDC-42A3-9474-1A3956D46DE8}") = "aula38", "aula38", "{D8E3FB1F-E6C0-4C69-923E-B9401050D875}"
EndProject
Project("{FAE04EC0-301F-11D3-BF4B-00C04F79EFBC}") = "aula38", "aula38\aula38.csproj", "{A9C25FAC-C9FC-4460-85EF-22F28FB72118}"
EndProject
Project("{2150E333-8FDC-42A3-9474-1A3956D46DE8}") = "aula39", "aula39", "{774991A4-C374-4928-85DC-5E1324461EFC}"
EndProject
Project("{FAE04EC0-301F-11D3-BF4B-00C04F79EFBC}") = "aula39", "aula39\aula39.csproj", "{F809010C-0677-4C9D-BE0E-89E3A692A472}"
EndProject
Project("{2150E333-8FDC-42A3-9474-1A3956D46DE8}") = "aula40", "aula40", "{2840EDE2-872F-4C07-83AE-C127B3248913}"
EndProject
Project("{FAE04EC0-301F-11D3-BF4B-00C04F79EFBC}") = "aula40", "aula40\aula40.csproj", "{513203FB-6FD1-423C-A0A2-E98A8ACDEEE4}"
EndProject
Project("{2150E333-8FDC-42A3-9474-1A3956D46DE8}") = "aula41", "aula41", "{08276A03-FF04-4788-997C-F69B2DE022CB}"
EndProject
Project("{FAE04EC0-301F-11D3-BF4B-00C04F79EFBC}") = "aula41", "aula41\aula41.csproj", "{722C60AE-0C64-4663-8BA2-032F2B166536}"
EndProject
Project("{2150E333-8FDC-42A3-9474-1A3956D46DE8}") = "aula42", "aula42", "{45D5129F-CAC9-41EF-8792-91D8DE8B70A5}"
EndProject
Project("{FAE04EC0-301F-11D3-BF4B-00C04F79EFBC}") = "aula42", "aula42\aula42.csproj", "{B36F54AA-F376-4DE9-88AC-D6AE04A05E68}"
EndProject
Project("{2150E333-8FDC-42A3-9474-1A3956D46DE8}") = "aula43", "aula43", "{5EA91F3F-1C74-40CF-A5F7-AE7D1B56FB08}"
EndProject
Project("{FAE04EC0-301F-11D3-BF4B-00C04F79EFBC}") = "aula43", "aula43\aula43.csproj", "{F6B12E69-5176-49EC-881A-908EC9A13396}"
EndProject
Project("{2150E333-8FDC-42A3-9474-1A3956D46DE8}") = "aula44", "aula44", "{008105BE-D85E-4289-96E6-A4E9478B261D}"
EndProject
Project("{FAE04EC0-301F-11D3-BF4B-00C04F79EFBC}") = "aula44", "aula44\aula44.csproj", "{8443C05A-BB30-4F95-9B17-ABC4068B1CB2}"
EndProject
Project("{2150E333-8FDC-42A3-9474-1A3956D46DE8}") = "aula45", "aula45", "{F9EB9266-9309-49F0-9D5A-31F8DF9A2A91}"
EndProject
Project("{FAE04EC0-301F-11D3-BF4B-00C04F79EFBC}") = "aula45", "aula45\aula45.csproj", "{2C5DB7E5-F8F8-4FC2-BD22-D0F50F179EA3}"
EndProject
Project("{2150E333-8FDC-42A3-9474-1A3956D46DE8}") = "aula46", "aula46", "{220BA693-227B-40BC-A56E-72356671D69D}"
EndProject
Project("{FAE04EC0-301F-11D3-BF4B-00C04F79EFBC}") = "aula46", "aula46\aula46.csproj", "{0A11ED3F-A6BB-41A6-B80E-111637256F89}"
EndProject
Project("{2150E333-8FDC-42A3-9474-1A3956D46DE8}") = "aula47", "aula47", "{94E72874-B824-462A-A141-AAF21ED872D0}"
EndProject
Project("{FAE04EC0-301F-11D3-BF4B-00C04F79EFBC}") = "aula47", "aula47\aula47.csproj", "{61C104DB-B8A2-4190-A6FA-D21705383984}"
EndProject
Project("{2150E333-8FDC-42A3-9474-1A3956D46DE8}") = "aula48", "aula48", "{45B4A544-FC45-4B0A-BC8D-62515E7FAAC8}"
EndProject
Project("{FAE04EC0-301F-11D3-BF4B-00C04F79EFBC}") = "aula48", "aula48\aula48.csproj", "{ED4A8F49-554A-4866-9075-3636B2831C05}"
EndProject
Project("{2150E333-8FDC-42A3-9474-1A3956D46DE8}") = "aula49", "aula49", "{A96FF238-195E-47E1-8FB5-50A37D8EEA35}"
EndProject
Project("{FAE04EC0-301F-11D3-BF4B-00C04F79EFBC}") = "aula49", "aula49\aula49.csproj", "{692278F6-95B9-4192-95CC-524E1A7F613F}"
EndProject
Project("{2150E333-8FDC-42A3-9474-1A3956D46DE8}") = "aula50", "aula50", "{11437D6A-B5F6-4B3F-BA4F-D2E26553A224}"
EndProject
Project("{FAE04EC0-301F-11D3-BF4B-00C04F79EFBC}") = "aula50", "aula50\aula50.csproj", "{DDD35197-9C10-43A1-AA58-D288C9732B28}"
EndProject
Project("{2150E333-8FDC-42A3-9474-1A3956D46DE8}") = "aula51", "aula51", "{77727A16-8B7D-4690-9F0D-AF8B7FD5631F}"
EndProject
Project("{FAE04EC0-301F-11D3-BF4B-00C04F79EFBC}") = "aula51", "aula51\aula51.csproj", "{8E84FD8E-3370-4059-A587-075FE5654CCF}"
EndProject
Project("{2150E333-8FDC-42A3-9474-1A3956D46DE8}") = "aula52", "aula52", "{060D9D36-0009-4796-9798-471E0DDFBD14}"
EndProject
Project("{FAE04EC0-301F-11D3-BF4B-00C04F79EFBC}") = "aula52", "aula52\aula52.csproj", "{A2C48B20-3105-46B2-98AE-BFE5ABCF2F9F}"
EndProject
Project("{2150E333-8FDC-42A3-9474-1A3956D46DE8}") = "aula53", "aula53", "{9B633343-E393-45AD-821E-CF7E5DF6456B}"
EndProject
Project("{FAE04EC0-301F-11D3-BF4B-00C04F79EFBC}") = "aula53", "aula53\aula53.csproj", "{0F421994-89B8-4206-9C2B-F964E382D8FC}"
EndProject
Project("{2150E333-8FDC-42A3-9474-1A3956D46DE8}") = "aula54", "aula54", "{C63019D5-7315-49E0-8C58-0823DAD853D9}"
EndProject
Project("{FAE04EC0-301F-11D3-BF4B-00C04F79EFBC}") = "aula54", "aula54\aula54.csproj", "{4FC072F3-A6C7-4346-B9BC-DB43D45272BF}"
EndProject
Project("{2150E333-8FDC-42A3-9474-1A3956D46DE8}") = "jones", "jones", "{81E307AA-55DE-4B6C-BD9B-E4750F5C6DDD}"
EndProject
Project("{FAE04EC0-301F-11D3-BF4B-00C04F79EFBC}") = "jones", "jones\jones.csproj", "{01259851-65E3-4C65-966F-3CF5E3F54E59}"
EndProject
Project("{2150E333-8FDC-42A3-9474-1A3956D46DE8}") = "aula55", "aula55", "{AC1D4311-7D20-4ED2-A1E7-CA6E7231B2F9}"
EndProject
Project("{FAE04EC0-301F-11D3-BF4B-00C04F79EFBC}") = "aula55", "aula55\aula55.csproj", "{680D8E10-C51A-4472-961E-B94F65F5CFD4}"
EndProject
Project("{2150E333-8FDC-42A3-9474-1A3956D46DE8}") = "aula56", "aula56", "{5381260A-CDFF-4117-947E-D39B8C0061C8}"
EndProject
Project("{FAE04EC0-301F-11D3-BF4B-00C04F79EFBC}") = "aula56", "aula56\aula56.csproj", "{FEA93CB1-88AD-4247-90D1-1203F4BAFEC9}"
EndProject
Project("{2150E333-8FDC-42A3-9474-1A3956D46DE8}") = "aula57", "aula57", "{302BE65A-C49A-4B4C-A21B-0A94A912BF4E}"
EndProject
Project("{FAE04EC0-301F-11D3-BF4B-00C04F79EFBC}") = "aula57", "aula57\aula57.csproj", "{CCBA7606-F02E-44C5-81FD-1B5693CBE27B}"
EndProject
Global
	GlobalSection(SolutionConfigurationPlatforms) = preSolution
		Debug|Any CPU = Debug|Any CPU
		Release|Any CPU = Release|Any CPU
	EndGlobalSection
	GlobalSection(ProjectConfigurationPlatforms) = postSolution
		{4BE3AD79-8E41-4E27-A234-3A062AD03695}.Debug|Any CPU.ActiveCfg = Debug|Any CPU
		{4BE3AD79-8E41-4E27-A234-3A062AD03695}.Debug|Any CPU.Build.0 = Debug|Any CPU
		{4BE3AD79-8E41-4E27-A234-3A062AD03695}.Release|Any CPU.ActiveCfg = Release|Any CPU
		{4BE3AD79-8E41-4E27-A234-3A062AD03695}.Release|Any CPU.Build.0 = Release|Any CPU
		{F2E25BAB-280A-47DF-A5D4-06DC66875273}.Debug|Any CPU.ActiveCfg = Debug|Any CPU
		{F2E25BAB-280A-47DF-A5D4-06DC66875273}.Debug|Any CPU.Build.0 = Debug|Any CPU
		{F2E25BAB-280A-47DF-A5D4-06DC66875273}.Release|Any CPU.ActiveCfg = Release|Any CPU
		{F2E25BAB-280A-47DF-A5D4-06DC66875273}.Release|Any CPU.Build.0 = Release|Any CPU
		{95A0AF82-7418-4F38-B7E3-3A350DDD5CC6}.Debug|Any CPU.ActiveCfg = Debug|Any CPU
		{95A0AF82-7418-4F38-B7E3-3A350DDD5CC6}.Debug|Any CPU.Build.0 = Debug|Any CPU
		{95A0AF82-7418-4F38-B7E3-3A350DDD5CC6}.Release|Any CPU.ActiveCfg = Release|Any CPU
		{95A0AF82-7418-4F38-B7E3-3A350DDD5CC6}.Release|Any CPU.Build.0 = Release|Any CPU
		{7753BE22-E00A-4BA2-A95C-6C0CDA6BCD09}.Debug|Any CPU.ActiveCfg = Debug|Any CPU
		{7753BE22-E00A-4BA2-A95C-6C0CDA6BCD09}.Debug|Any CPU.Build.0 = Debug|Any CPU
		{7753BE22-E00A-4BA2-A95C-6C0CDA6BCD09}.Release|Any CPU.ActiveCfg = Release|Any CPU
		{7753BE22-E00A-4BA2-A95C-6C0CDA6BCD09}.Release|Any CPU.Build.0 = Release|Any CPU
		{20D26599-BC92-4410-A11D-EE80A6CFD606}.Debug|Any CPU.ActiveCfg = Debug|Any CPU
		{20D26599-BC92-4410-A11D-EE80A6CFD606}.Debug|Any CPU.Build.0 = Debug|Any CPU
		{20D26599-BC92-4410-A11D-EE80A6CFD606}.Release|Any CPU.ActiveCfg = Release|Any CPU
		{20D26599-BC92-4410-A11D-EE80A6CFD606}.Release|Any CPU.Build.0 = Release|Any CPU
		{EECE0B84-B816-4930-84AF-E72DE060AD6C}.Debug|Any CPU.ActiveCfg = Debug|Any CPU
		{EECE0B84-B816-4930-84AF-E72DE060AD6C}.Debug|Any CPU.Build.0 = Debug|Any CPU
		{EECE0B84-B816-4930-84AF-E72DE060AD6C}.Release|Any CPU.ActiveCfg = Release|Any CPU
		{EECE0B84-B816-4930-84AF-E72DE060AD6C}.Release|Any CPU.Build.0 = Release|Any CPU
		{BB1B8D1E-45C1-4D1A-BAF6-BDFF4FFB3B97}.Debug|Any CPU.ActiveCfg = Debug|Any CPU
		{BB1B8D1E-45C1-4D1A-BAF6-BDFF4FFB3B97}.Debug|Any CPU.Build.0 = Debug|Any CPU
		{BB1B8D1E-45C1-4D1A-BAF6-BDFF4FFB3B97}.Release|Any CPU.ActiveCfg = Release|Any CPU
		{BB1B8D1E-45C1-4D1A-BAF6-BDFF4FFB3B97}.Release|Any CPU.Build.0 = Release|Any CPU
		{E8FF9DD8-25B9-45B2-8E3D-0C36E259482B}.Debug|Any CPU.ActiveCfg = Debug|Any CPU
		{E8FF9DD8-25B9-45B2-8E3D-0C36E259482B}.Debug|Any CPU.Build.0 = Debug|Any CPU
		{E8FF9DD8-25B9-45B2-8E3D-0C36E259482B}.Release|Any CPU.ActiveCfg = Release|Any CPU
		{E8FF9DD8-25B9-45B2-8E3D-0C36E259482B}.Release|Any CPU.Build.0 = Release|Any CPU
		{87B84F84-4735-46FB-8816-24712B3F8B54}.Debug|Any CPU.ActiveCfg = Debug|Any CPU
		{87B84F84-4735-46FB-8816-24712B3F8B54}.Debug|Any CPU.Build.0 = Debug|Any CPU
		{87B84F84-4735-46FB-8816-24712B3F8B54}.Release|Any CPU.ActiveCfg = Release|Any CPU
		{87B84F84-4735-46FB-8816-24712B3F8B54}.Release|Any CPU.Build.0 = Release|Any CPU
		{EED9A6F0-0CB9-4AB5-9C64-6ED75AED7946}.Debug|Any CPU.ActiveCfg = Debug|Any CPU
		{EED9A6F0-0CB9-4AB5-9C64-6ED75AED7946}.Debug|Any CPU.Build.0 = Debug|Any CPU
		{EED9A6F0-0CB9-4AB5-9C64-6ED75AED7946}.Release|Any CPU.ActiveCfg = Release|Any CPU
		{EED9A6F0-0CB9-4AB5-9C64-6ED75AED7946}.Release|Any CPU.Build.0 = Release|Any CPU
		{3CF982BD-A519-4B5F-A750-19ED8663974F}.Debug|Any CPU.ActiveCfg = Debug|Any CPU
		{3CF982BD-A519-4B5F-A750-19ED8663974F}.Debug|Any CPU.Build.0 = Debug|Any CPU
		{3CF982BD-A519-4B5F-A750-19ED8663974F}.Release|Any CPU.ActiveCfg = Release|Any CPU
		{3CF982BD-A519-4B5F-A750-19ED8663974F}.Release|Any CPU.Build.0 = Release|Any CPU
		{E947F493-1AB8-4DD1-81DC-B51E08A78261}.Debug|Any CPU.ActiveCfg = Debug|Any CPU
		{E947F493-1AB8-4DD1-81DC-B51E08A78261}.Debug|Any CPU.Build.0 = Debug|Any CPU
		{E947F493-1AB8-4DD1-81DC-B51E08A78261}.Release|Any CPU.ActiveCfg = Release|Any CPU
		{E947F493-1AB8-4DD1-81DC-B51E08A78261}.Release|Any CPU.Build.0 = Release|Any CPU
		{33D4B318-AF52-44C1-9246-F8D9138FF224}.Debug|Any CPU.ActiveCfg = Debug|Any CPU
		{33D4B318-AF52-44C1-9246-F8D9138FF224}.Debug|Any CPU.Build.0 = Debug|Any CPU
		{33D4B318-AF52-44C1-9246-F8D9138FF224}.Release|Any CPU.ActiveCfg = Release|Any CPU
		{33D4B318-AF52-44C1-9246-F8D9138FF224}.Release|Any CPU.Build.0 = Release|Any CPU
		{DE9358F8-2E0D-4B6D-8902-090493525723}.Debug|Any CPU.ActiveCfg = Debug|Any CPU
		{DE9358F8-2E0D-4B6D-8902-090493525723}.Debug|Any CPU.Build.0 = Debug|Any CPU
		{DE9358F8-2E0D-4B6D-8902-090493525723}.Release|Any CPU.ActiveCfg = Release|Any CPU
		{DE9358F8-2E0D-4B6D-8902-090493525723}.Release|Any CPU.Build.0 = Release|Any CPU
		{6678ABD9-E5D1-436E-9FB5-06FBE112FEC7}.Debug|Any CPU.ActiveCfg = Debug|Any CPU
		{6678ABD9-E5D1-436E-9FB5-06FBE112FEC7}.Debug|Any CPU.Build.0 = Debug|Any CPU
		{6678ABD9-E5D1-436E-9FB5-06FBE112FEC7}.Release|Any CPU.ActiveCfg = Release|Any CPU
		{6678ABD9-E5D1-436E-9FB5-06FBE112FEC7}.Release|Any CPU.Build.0 = Release|Any CPU
		{909C5385-3A5B-4630-9EA9-808D318ECD68}.Debug|Any CPU.ActiveCfg = Debug|Any CPU
		{909C5385-3A5B-4630-9EA9-808D318ECD68}.Debug|Any CPU.Build.0 = Debug|Any CPU
		{909C5385-3A5B-4630-9EA9-808D318ECD68}.Release|Any CPU.ActiveCfg = Release|Any CPU
		{909C5385-3A5B-4630-9EA9-808D318ECD68}.Release|Any CPU.Build.0 = Release|Any CPU
		{9AFFF014-ABA8-48FD-8B16-96D4ABE1D5EA}.Debug|Any CPU.ActiveCfg = Debug|Any CPU
		{9AFFF014-ABA8-48FD-8B16-96D4ABE1D5EA}.Debug|Any CPU.Build.0 = Debug|Any CPU
		{9AFFF014-ABA8-48FD-8B16-96D4ABE1D5EA}.Release|Any CPU.ActiveCfg = Release|Any CPU
		{9AFFF014-ABA8-48FD-8B16-96D4ABE1D5EA}.Release|Any CPU.Build.0 = Release|Any CPU
		{3141B5B2-02DC-42C5-A248-1C165505C5D5}.Debug|Any CPU.ActiveCfg = Debug|Any CPU
		{3141B5B2-02DC-42C5-A248-1C165505C5D5}.Debug|Any CPU.Build.0 = Debug|Any CPU
		{3141B5B2-02DC-42C5-A248-1C165505C5D5}.Release|Any CPU.ActiveCfg = Release|Any CPU
		{3141B5B2-02DC-42C5-A248-1C165505C5D5}.Release|Any CPU.Build.0 = Release|Any CPU
		{7470B585-DB95-499C-8714-5239881A6A43}.Debug|Any CPU.ActiveCfg = Debug|Any CPU
		{7470B585-DB95-499C-8714-5239881A6A43}.Debug|Any CPU.Build.0 = Debug|Any CPU
		{7470B585-DB95-499C-8714-5239881A6A43}.Release|Any CPU.ActiveCfg = Release|Any CPU
		{7470B585-DB95-499C-8714-5239881A6A43}.Release|Any CPU.Build.0 = Release|Any CPU
		{A789418D-1BB1-4E34-962C-88BC8D0E2D78}.Debug|Any CPU.ActiveCfg = Debug|Any CPU
		{A789418D-1BB1-4E34-962C-88BC8D0E2D78}.Debug|Any CPU.Build.0 = Debug|Any CPU
		{A789418D-1BB1-4E34-962C-88BC8D0E2D78}.Release|Any CPU.ActiveCfg = Release|Any CPU
		{A789418D-1BB1-4E34-962C-88BC8D0E2D78}.Release|Any CPU.Build.0 = Release|Any CPU
		{2188282C-530F-4447-971A-CB801EBF4A7D}.Debug|Any CPU.ActiveCfg = Debug|Any CPU
		{2188282C-530F-4447-971A-CB801EBF4A7D}.Debug|Any CPU.Build.0 = Debug|Any CPU
		{2188282C-530F-4447-971A-CB801EBF4A7D}.Release|Any CPU.ActiveCfg = Release|Any CPU
		{2188282C-530F-4447-971A-CB801EBF4A7D}.Release|Any CPU.Build.0 = Release|Any CPU
		{9BBD0E19-3079-4657-8CDB-C075FFFD94EB}.Debug|Any CPU.ActiveCfg = Debug|Any CPU
		{9BBD0E19-3079-4657-8CDB-C075FFFD94EB}.Debug|Any CPU.Build.0 = Debug|Any CPU
		{9BBD0E19-3079-4657-8CDB-C075FFFD94EB}.Release|Any CPU.ActiveCfg = Release|Any CPU
		{9BBD0E19-3079-4657-8CDB-C075FFFD94EB}.Release|Any CPU.Build.0 = Release|Any CPU
		{5BE9FE12-C210-4442-B4C5-B088CC94602D}.Debug|Any CPU.ActiveCfg = Debug|Any CPU
		{5BE9FE12-C210-4442-B4C5-B088CC94602D}.Debug|Any CPU.Build.0 = Debug|Any CPU
		{5BE9FE12-C210-4442-B4C5-B088CC94602D}.Release|Any CPU.ActiveCfg = Release|Any CPU
		{5BE9FE12-C210-4442-B4C5-B088CC94602D}.Release|Any CPU.Build.0 = Release|Any CPU
		{7D3C81A0-E50A-4EED-A336-E90EC9088474}.Debug|Any CPU.ActiveCfg = Debug|Any CPU
		{7D3C81A0-E50A-4EED-A336-E90EC9088474}.Debug|Any CPU.Build.0 = Debug|Any CPU
		{7D3C81A0-E50A-4EED-A336-E90EC9088474}.Release|Any CPU.ActiveCfg = Release|Any CPU
		{7D3C81A0-E50A-4EED-A336-E90EC9088474}.Release|Any CPU.Build.0 = Release|Any CPU
		{FC974E31-A63F-4079-AC71-4BD9F6D8ABCA}.Debug|Any CPU.ActiveCfg = Debug|Any CPU
		{FC974E31-A63F-4079-AC71-4BD9F6D8ABCA}.Debug|Any CPU.Build.0 = Debug|Any CPU
		{FC974E31-A63F-4079-AC71-4BD9F6D8ABCA}.Release|Any CPU.ActiveCfg = Release|Any CPU
		{FC974E31-A63F-4079-AC71-4BD9F6D8ABCA}.Release|Any CPU.Build.0 = Release|Any CPU
		{53944854-9D48-4930-92CD-34137D078A02}.Debug|Any CPU.ActiveCfg = Debug|Any CPU
		{53944854-9D48-4930-92CD-34137D078A02}.Debug|Any CPU.Build.0 = Debug|Any CPU
		{53944854-9D48-4930-92CD-34137D078A02}.Release|Any CPU.ActiveCfg = Release|Any CPU
		{53944854-9D48-4930-92CD-34137D078A02}.Release|Any CPU.Build.0 = Release|Any CPU
		{BCE7FE81-83A7-4A05-B32A-BD3813A91691}.Debug|Any CPU.ActiveCfg = Debug|Any CPU
		{BCE7FE81-83A7-4A05-B32A-BD3813A91691}.Debug|Any CPU.Build.0 = Debug|Any CPU
		{BCE7FE81-83A7-4A05-B32A-BD3813A91691}.Release|Any CPU.ActiveCfg = Release|Any CPU
		{BCE7FE81-83A7-4A05-B32A-BD3813A91691}.Release|Any CPU.Build.0 = Release|Any CPU
		{C5EE7D08-5BC2-4425-B283-9A26E7CDD431}.Debug|Any CPU.ActiveCfg = Debug|Any CPU
		{C5EE7D08-5BC2-4425-B283-9A26E7CDD431}.Debug|Any CPU.Build.0 = Debug|Any CPU
		{C5EE7D08-5BC2-4425-B283-9A26E7CDD431}.Release|Any CPU.ActiveCfg = Release|Any CPU
		{C5EE7D08-5BC2-4425-B283-9A26E7CDD431}.Release|Any CPU.Build.0 = Release|Any CPU
		{2B8578FE-BB39-4CAA-9891-E0B5C027F10D}.Debug|Any CPU.ActiveCfg = Debug|Any CPU
		{2B8578FE-BB39-4CAA-9891-E0B5C027F10D}.Debug|Any CPU.Build.0 = Debug|Any CPU
		{2B8578FE-BB39-4CAA-9891-E0B5C027F10D}.Release|Any CPU.ActiveCfg = Release|Any CPU
		{2B8578FE-BB39-4CAA-9891-E0B5C027F10D}.Release|Any CPU.Build.0 = Release|Any CPU
		{299AD76E-805B-45FE-AF8B-2CCC45860910}.Debug|Any CPU.ActiveCfg = Debug|Any CPU
		{299AD76E-805B-45FE-AF8B-2CCC45860910}.Debug|Any CPU.Build.0 = Debug|Any CPU
		{299AD76E-805B-45FE-AF8B-2CCC45860910}.Release|Any CPU.ActiveCfg = Release|Any CPU
		{299AD76E-805B-45FE-AF8B-2CCC45860910}.Release|Any CPU.Build.0 = Release|Any CPU
		{A5EBB471-DA1F-4824-AF16-98074F1F990E}.Debug|Any CPU.ActiveCfg = Debug|Any CPU
		{A5EBB471-DA1F-4824-AF16-98074F1F990E}.Debug|Any CPU.Build.0 = Debug|Any CPU
		{A5EBB471-DA1F-4824-AF16-98074F1F990E}.Release|Any CPU.ActiveCfg = Release|Any CPU
		{A5EBB471-DA1F-4824-AF16-98074F1F990E}.Release|Any CPU.Build.0 = Release|Any CPU
		{FCE43AB3-9676-494D-883E-F969D7F5E0FF}.Debug|Any CPU.ActiveCfg = Debug|Any CPU
		{FCE43AB3-9676-494D-883E-F969D7F5E0FF}.Debug|Any CPU.Build.0 = Debug|Any CPU
		{FCE43AB3-9676-494D-883E-F969D7F5E0FF}.Release|Any CPU.ActiveCfg = Release|Any CPU
		{FCE43AB3-9676-494D-883E-F969D7F5E0FF}.Release|Any CPU.Build.0 = Release|Any CPU
		{47B50F59-7593-493F-B02F-17EC954D7CC5}.Debug|Any CPU.ActiveCfg = Debug|Any CPU
		{47B50F59-7593-493F-B02F-17EC954D7CC5}.Debug|Any CPU.Build.0 = Debug|Any CPU
		{47B50F59-7593-493F-B02F-17EC954D7CC5}.Release|Any CPU.ActiveCfg = Release|Any CPU
		{47B50F59-7593-493F-B02F-17EC954D7CC5}.Release|Any CPU.Build.0 = Release|Any CPU
		{3D3C45AC-32AF-4BB5-8604-A10410C807AD}.Debug|Any CPU.ActiveCfg = Debug|Any CPU
		{3D3C45AC-32AF-4BB5-8604-A10410C807AD}.Debug|Any CPU.Build.0 = Debug|Any CPU
		{3D3C45AC-32AF-4BB5-8604-A10410C807AD}.Release|Any CPU.ActiveCfg = Release|Any CPU
		{3D3C45AC-32AF-4BB5-8604-A10410C807AD}.Release|Any CPU.Build.0 = Release|Any CPU
		{A9C25FAC-C9FC-4460-85EF-22F28FB72118}.Debug|Any CPU.ActiveCfg = Debug|Any CPU
		{A9C25FAC-C9FC-4460-85EF-22F28FB72118}.Debug|Any CPU.Build.0 = Debug|Any CPU
		{A9C25FAC-C9FC-4460-85EF-22F28FB72118}.Release|Any CPU.ActiveCfg = Release|Any CPU
		{A9C25FAC-C9FC-4460-85EF-22F28FB72118}.Release|Any CPU.Build.0 = Release|Any CPU
		{F809010C-0677-4C9D-BE0E-89E3A692A472}.Debug|Any CPU.ActiveCfg = Debug|Any CPU
		{F809010C-0677-4C9D-BE0E-89E3A692A472}.Debug|Any CPU.Build.0 = Debug|Any CPU
		{F809010C-0677-4C9D-BE0E-89E3A692A472}.Release|Any CPU.ActiveCfg = Release|Any CPU
		{F809010C-0677-4C9D-BE0E-89E3A692A472}.Release|Any CPU.Build.0 = Release|Any CPU
		{513203FB-6FD1-423C-A0A2-E98A8ACDEEE4}.Debug|Any CPU.ActiveCfg = Debug|Any CPU
		{513203FB-6FD1-423C-A0A2-E98A8ACDEEE4}.Debug|Any CPU.Build.0 = Debug|Any CPU
		{513203FB-6FD1-423C-A0A2-E98A8ACDEEE4}.Release|Any CPU.ActiveCfg = Release|Any CPU
		{513203FB-6FD1-423C-A0A2-E98A8ACDEEE4}.Release|Any CPU.Build.0 = Release|Any CPU
		{722C60AE-0C64-4663-8BA2-032F2B166536}.Debug|Any CPU.ActiveCfg = Debug|Any CPU
		{722C60AE-0C64-4663-8BA2-032F2B166536}.Debug|Any CPU.Build.0 = Debug|Any CPU
		{722C60AE-0C64-4663-8BA2-032F2B166536}.Release|Any CPU.ActiveCfg = Release|Any CPU
		{722C60AE-0C64-4663-8BA2-032F2B166536}.Release|Any CPU.Build.0 = Release|Any CPU
		{B36F54AA-F376-4DE9-88AC-D6AE04A05E68}.Debug|Any CPU.ActiveCfg = Debug|Any CPU
		{B36F54AA-F376-4DE9-88AC-D6AE04A05E68}.Debug|Any CPU.Build.0 = Debug|Any CPU
		{B36F54AA-F376-4DE9-88AC-D6AE04A05E68}.Release|Any CPU.ActiveCfg = Release|Any CPU
		{B36F54AA-F376-4DE9-88AC-D6AE04A05E68}.Release|Any CPU.Build.0 = Release|Any CPU
		{F6B12E69-5176-49EC-881A-908EC9A13396}.Debug|Any CPU.ActiveCfg = Debug|Any CPU
		{F6B12E69-5176-49EC-881A-908EC9A13396}.Debug|Any CPU.Build.0 = Debug|Any CPU
		{F6B12E69-5176-49EC-881A-908EC9A13396}.Release|Any CPU.ActiveCfg = Release|Any CPU
		{F6B12E69-5176-49EC-881A-908EC9A13396}.Release|Any CPU.Build.0 = Release|Any CPU
		{8443C05A-BB30-4F95-9B17-ABC4068B1CB2}.Debug|Any CPU.ActiveCfg = Debug|Any CPU
		{8443C05A-BB30-4F95-9B17-ABC4068B1CB2}.Debug|Any CPU.Build.0 = Debug|Any CPU
		{8443C05A-BB30-4F95-9B17-ABC4068B1CB2}.Release|Any CPU.ActiveCfg = Release|Any CPU
		{8443C05A-BB30-4F95-9B17-ABC4068B1CB2}.Release|Any CPU.Build.0 = Release|Any CPU
		{2C5DB7E5-F8F8-4FC2-BD22-D0F50F179EA3}.Debug|Any CPU.ActiveCfg = Debug|Any CPU
		{2C5DB7E5-F8F8-4FC2-BD22-D0F50F179EA3}.Debug|Any CPU.Build.0 = Debug|Any CPU
		{2C5DB7E5-F8F8-4FC2-BD22-D0F50F179EA3}.Release|Any CPU.ActiveCfg = Release|Any CPU
		{2C5DB7E5-F8F8-4FC2-BD22-D0F50F179EA3}.Release|Any CPU.Build.0 = Release|Any CPU
		{0A11ED3F-A6BB-41A6-B80E-111637256F89}.Debug|Any CPU.ActiveCfg = Debug|Any CPU
		{0A11ED3F-A6BB-41A6-B80E-111637256F89}.Debug|Any CPU.Build.0 = Debug|Any CPU
		{0A11ED3F-A6BB-41A6-B80E-111637256F89}.Release|Any CPU.ActiveCfg = Release|Any CPU
		{0A11ED3F-A6BB-41A6-B80E-111637256F89}.Release|Any CPU.Build.0 = Release|Any CPU
		{61C104DB-B8A2-4190-A6FA-D21705383984}.Debug|Any CPU.ActiveCfg = Debug|Any CPU
		{61C104DB-B8A2-4190-A6FA-D21705383984}.Debug|Any CPU.Build.0 = Debug|Any CPU
		{61C104DB-B8A2-4190-A6FA-D21705383984}.Release|Any CPU.ActiveCfg = Release|Any CPU
		{61C104DB-B8A2-4190-A6FA-D21705383984}.Release|Any CPU.Build.0 = Release|Any CPU
		{ED4A8F49-554A-4866-9075-3636B2831C05}.Debug|Any CPU.ActiveCfg = Debug|Any CPU
		{ED4A8F49-554A-4866-9075-3636B2831C05}.Debug|Any CPU.Build.0 = Debug|Any CPU
		{ED4A8F49-554A-4866-9075-3636B2831C05}.Release|Any CPU.ActiveCfg = Release|Any CPU
		{ED4A8F49-554A-4866-9075-3636B2831C05}.Release|Any CPU.Build.0 = Release|Any CPU
		{692278F6-95B9-4192-95CC-524E1A7F613F}.Debug|Any CPU.ActiveCfg = Debug|Any CPU
		{692278F6-95B9-4192-95CC-524E1A7F613F}.Debug|Any CPU.Build.0 = Debug|Any CPU
		{692278F6-95B9-4192-95CC-524E1A7F613F}.Release|Any CPU.ActiveCfg = Release|Any CPU
		{692278F6-95B9-4192-95CC-524E1A7F613F}.Release|Any CPU.Build.0 = Release|Any CPU
		{DDD35197-9C10-43A1-AA58-D288C9732B28}.Debug|Any CPU.ActiveCfg = Debug|Any CPU
		{DDD35197-9C10-43A1-AA58-D288C9732B28}.Debug|Any CPU.Build.0 = Debug|Any CPU
		{DDD35197-9C10-43A1-AA58-D288C9732B28}.Release|Any CPU.ActiveCfg = Release|Any CPU
		{DDD35197-9C10-43A1-AA58-D288C9732B28}.Release|Any CPU.Build.0 = Release|Any CPU
		{8E84FD8E-3370-4059-A587-075FE5654CCF}.Debug|Any CPU.ActiveCfg = Debug|Any CPU
		{8E84FD8E-3370-4059-A587-075FE5654CCF}.Debug|Any CPU.Build.0 = Debug|Any CPU
		{8E84FD8E-3370-4059-A587-075FE5654CCF}.Release|Any CPU.ActiveCfg = Release|Any CPU
		{8E84FD8E-3370-4059-A587-075FE5654CCF}.Release|Any CPU.Build.0 = Release|Any CPU
		{A2C48B20-3105-46B2-98AE-BFE5ABCF2F9F}.Debug|Any CPU.ActiveCfg = Debug|Any CPU
		{A2C48B20-3105-46B2-98AE-BFE5ABCF2F9F}.Debug|Any CPU.Build.0 = Debug|Any CPU
		{A2C48B20-3105-46B2-98AE-BFE5ABCF2F9F}.Release|Any CPU.ActiveCfg = Release|Any CPU
		{A2C48B20-3105-46B2-98AE-BFE5ABCF2F9F}.Release|Any CPU.Build.0 = Release|Any CPU
		{0F421994-89B8-4206-9C2B-F964E382D8FC}.Debug|Any CPU.ActiveCfg = Debug|Any CPU
		{0F421994-89B8-4206-9C2B-F964E382D8FC}.Debug|Any CPU.Build.0 = Debug|Any CPU
		{0F421994-89B8-4206-9C2B-F964E382D8FC}.Release|Any CPU.ActiveCfg = Release|Any CPU
		{0F421994-89B8-4206-9C2B-F964E382D8FC}.Release|Any CPU.Build.0 = Release|Any CPU
		{4FC072F3-A6C7-4346-B9BC-DB43D45272BF}.Debug|Any CPU.ActiveCfg = Debug|Any CPU
		{4FC072F3-A6C7-4346-B9BC-DB43D45272BF}.Debug|Any CPU.Build.0 = Debug|Any CPU
		{4FC072F3-A6C7-4346-B9BC-DB43D45272BF}.Release|Any CPU.ActiveCfg = Release|Any CPU
		{4FC072F3-A6C7-4346-B9BC-DB43D45272BF}.Release|Any CPU.Build.0 = Release|Any CPU
		{01259851-65E3-4C65-966F-3CF5E3F54E59}.Debug|Any CPU.ActiveCfg = Debug|Any CPU
		{01259851-65E3-4C65-966F-3CF5E3F54E59}.Debug|Any CPU.Build.0 = Debug|Any CPU
		{01259851-65E3-4C65-966F-3CF5E3F54E59}.Release|Any CPU.ActiveCfg = Release|Any CPU
		{01259851-65E3-4C65-966F-3CF5E3F54E59}.Release|Any CPU.Build.0 = Release|Any CPU
		{680D8E10-C51A-4472-961E-B94F65F5CFD4}.Debug|Any CPU.ActiveCfg = Debug|Any CPU
		{680D8E10-C51A-4472-961E-B94F65F5CFD4}.Debug|Any CPU.Build.0 = Debug|Any CPU
		{680D8E10-C51A-4472-961E-B94F65F5CFD4}.Release|Any CPU.ActiveCfg = Release|Any CPU
		{680D8E10-C51A-4472-961E-B94F65F5CFD4}.Release|Any CPU.Build.0 = Release|Any CPU
		{FEA93CB1-88AD-4247-90D1-1203F4BAFEC9}.Debug|Any CPU.ActiveCfg = Debug|Any CPU
		{FEA93CB1-88AD-4247-90D1-1203F4BAFEC9}.Debug|Any CPU.Build.0 = Debug|Any CPU
		{FEA93CB1-88AD-4247-90D1-1203F4BAFEC9}.Release|Any CPU.ActiveCfg = Release|Any CPU
		{FEA93CB1-88AD-4247-90D1-1203F4BAFEC9}.Release|Any CPU.Build.0 = Release|Any CPU
		{CCBA7606-F02E-44C5-81FD-1B5693CBE27B}.Debug|Any CPU.ActiveCfg = Debug|Any CPU
		{CCBA7606-F02E-44C5-81FD-1B5693CBE27B}.Debug|Any CPU.Build.0 = Debug|Any CPU
		{CCBA7606-F02E-44C5-81FD-1B5693CBE27B}.Release|Any CPU.ActiveCfg = Release|Any CPU
		{CCBA7606-F02E-44C5-81FD-1B5693CBE27B}.Release|Any CPU.Build.0 = Release|Any CPU
	EndGlobalSection
	GlobalSection(NestedProjects) = preSolution
		{F2E25BAB-280A-47DF-A5D4-06DC66875273} = {610EB148-934F-4AA3-AB1C-F3D9C400413B}
		{95A0AF82-7418-4F38-B7E3-3A350DDD5CC6} = {7E462F8C-1D3C-43CD-902F-225068279776}
		{7753BE22-E00A-4BA2-A95C-6C0CDA6BCD09} = {79863B84-A20C-4CF5-957A-DC3FA5BB39D2}
		{20D26599-BC92-4410-A11D-EE80A6CFD606} = {A1A40C86-DFA5-4CA2-BB22-2A9BC875D9BF}
		{EECE0B84-B816-4930-84AF-E72DE060AD6C} = {6355113F-5A59-41E2-BCFA-B802DFB3D77C}
		{BB1B8D1E-45C1-4D1A-BAF6-BDFF4FFB3B97} = {75BE33A2-D585-4F9A-8E21-047723BA8AAB}
		{E8FF9DD8-25B9-45B2-8E3D-0C36E259482B} = {B44F2D64-92A0-49A8-9B80-5D809FAD8CF9}
		{87B84F84-4735-46FB-8816-24712B3F8B54} = {0C91FAB2-FDD4-4EA9-ADCB-9AE8BE7DE4F9}
		{EED9A6F0-0CB9-4AB5-9C64-6ED75AED7946} = {08E895B0-F087-4A10-9EF5-83C6817245BD}
		{3CF982BD-A519-4B5F-A750-19ED8663974F} = {A1F0427F-AC08-40DA-A9D8-ECCE971FED80}
		{E947F493-1AB8-4DD1-81DC-B51E08A78261} = {029E4F34-DB6B-4CB9-8FEA-B42C6C9D3CD2}
		{33D4B318-AF52-44C1-9246-F8D9138FF224} = {470C7C45-B128-4B0C-9576-5ED9A58E22DD}
		{DE9358F8-2E0D-4B6D-8902-090493525723} = {5913E1E4-AECE-4F37-981D-64E3D0A3DD39}
		{6678ABD9-E5D1-436E-9FB5-06FBE112FEC7} = {48FA119E-D4EB-43BE-BEDE-24E1BBD62620}
		{909C5385-3A5B-4630-9EA9-808D318ECD68} = {211354CC-DB7E-4327-9B8F-7EC4625752BA}
		{9AFFF014-ABA8-48FD-8B16-96D4ABE1D5EA} = {0BC78AB7-D23B-4559-8984-6AB113AD12BE}
		{3141B5B2-02DC-42C5-A248-1C165505C5D5} = {4C29A0EA-9CEB-4C97-81B5-3A59F86570AB}
		{7470B585-DB95-499C-8714-5239881A6A43} = {E10E1A63-519F-425E-96E4-C67AB23B77C3}
		{A789418D-1BB1-4E34-962C-88BC8D0E2D78} = {9FABE7B8-0C30-4699-A171-F90F5F0A67C7}
		{2188282C-530F-4447-971A-CB801EBF4A7D} = {3E7B6575-D0A6-4366-BB7E-D19F0386F5B4}
		{9BBD0E19-3079-4657-8CDB-C075FFFD94EB} = {62A519DA-08A0-490E-812E-7E8CE6147385}
		{5BE9FE12-C210-4442-B4C5-B088CC94602D} = {A6D65301-3B07-4056-B361-3DD7B175D3C6}
		{7D3C81A0-E50A-4EED-A336-E90EC9088474} = {CE7E0CB3-E30C-4DB8-8E23-7615BF77AB44}
		{FC974E31-A63F-4079-AC71-4BD9F6D8ABCA} = {A1E43473-A669-41C2-9A5E-5EB8B271D0B3}
		{53944854-9D48-4930-92CD-34137D078A02} = {C754158F-A77F-42D5-9F25-9A999FC22A4C}
		{BCE7FE81-83A7-4A05-B32A-BD3813A91691} = {22A91695-97ED-4728-9056-1C8BC47DCBD8}
		{C5EE7D08-5BC2-4425-B283-9A26E7CDD431} = {C1C3A675-A452-4C50-8EB2-E470E7B639F8}
		{2B8578FE-BB39-4CAA-9891-E0B5C027F10D} = {05BAA82A-F5BC-44E0-8A46-E1240917298E}
		{299AD76E-805B-45FE-AF8B-2CCC45860910} = {A84931E4-4632-4935-AE47-54665D3E5DC9}
		{A5EBB471-DA1F-4824-AF16-98074F1F990E} = {E2DDBF2D-B7D6-4AA7-8102-BE8BB857383A}
		{FCE43AB3-9676-494D-883E-F969D7F5E0FF} = {0984C456-D7FF-4A7E-AA24-4DB24CE62BDF}
		{47B50F59-7593-493F-B02F-17EC954D7CC5} = {A130EF47-EC4B-4FC7-B56E-F945A13C93A0}
		{3D3C45AC-32AF-4BB5-8604-A10410C807AD} = {ED66FEAC-44AB-4E5B-B7E9-8D99959EAED9}
		{A9C25FAC-C9FC-4460-85EF-22F28FB72118} = {D8E3FB1F-E6C0-4C69-923E-B9401050D875}
		{F809010C-0677-4C9D-BE0E-89E3A692A472} = {774991A4-C374-4928-85DC-5E1324461EFC}
		{513203FB-6FD1-423C-A0A2-E98A8ACDEEE4} = {2840EDE2-872F-4C07-83AE-C127B3248913}
		{722C60AE-0C64-4663-8BA2-032F2B166536} = {08276A03-FF04-4788-997C-F69B2DE022CB}
		{B36F54AA-F376-4DE9-88AC-D6AE04A05E68} = {45D5129F-CAC9-41EF-8792-91D8DE8B70A5}
		{F6B12E69-5176-49EC-881A-908EC9A13396} = {5EA91F3F-1C74-40CF-A5F7-AE7D1B56FB08}
		{8443C05A-BB30-4F95-9B17-ABC4068B1CB2} = {008105BE-D85E-4289-96E6-A4E9478B261D}
		{2C5DB7E5-F8F8-4FC2-BD22-D0F50F179EA3} = {F9EB9266-9309-49F0-9D5A-31F8DF9A2A91}
		{0A11ED3F-A6BB-41A6-B80E-111637256F89} = {220BA693-227B-40BC-A56E-72356671D69D}
		{61C104DB-B8A2-4190-A6FA-D21705383984} = {94E72874-B824-462A-A141-AAF21ED872D0}
		{ED4A8F49-554A-4866-9075-3636B2831C05} = {45B4A544-FC45-4B0A-BC8D-62515E7FAAC8}
		{692278F6-95B9-4192-95CC-524E1A7F613F} = {A96FF238-195E-47E1-8FB5-50A37D8EEA35}
		{DDD35197-9C10-43A1-AA58-D288C9732B28} = {11437D6A-B5F6-4B3F-BA4F-D2E26553A224}
		{8E84FD8E-3370-4059-A587-075FE5654CCF} = {77727A16-8B7D-4690-9F0D-AF8B7FD5631F}
		{A2C48B20-3105-46B2-98AE-BFE5ABCF2F9F} = {060D9D36-0009-4796-9798-471E0DDFBD14}
		{0F421994-89B8-4206-9C2B-F964E382D8FC} = {9B633343-E393-45AD-821E-CF7E5DF6456B}
		{4FC072F3-A6C7-4346-B9BC-DB43D45272BF} = {C63019D5-7315-49E0-8C58-0823DAD853D9}
		{01259851-65E3-4C65-966F-3CF5E3F54E59} = {81E307AA-55DE-4B6C-BD9B-E4750F5C6DDD}
		{680D8E10-C51A-4472-961E-B94F65F5CFD4} = {AC1D4311-7D20-4ED2-A1E7-CA6E7231B2F9}
		{FEA93CB1-88AD-4247-90D1-1203F4BAFEC9} = {5381260A-CDFF-4117-947E-D39B8C0061C8}
		{CCBA7606-F02E-44C5-81FD-1B5693CBE27B} = {302BE65A-C49A-4B4C-A21B-0A94A912BF4E}
	EndGlobalSection
EndGlobal
